
Microsoft Visual Studio Solution File, Format Version 12.00
# Visual Studio Version 16
VisualStudioVersion = 16.0.31702.278
MinimumVisualStudioVersion = 10.0.40219.1
Project("{FAE04EC0-301F-11D3-BF4B-00C04F79EFBC}") = "ConsoleApp1", "ConsoleApp1\ConsoleApp1.csproj", "{47157E76-A31E-43F0-83FD-46630F50AA8D}"
EndProject
Global
	GlobalSection(SolutionConfigurationPlatforms) = preSolution
		Debug|Any CPU = Debug|Any CPU
		Release|Any CPU = Release|Any CPU
	EndGlobalSection
	GlobalSection(ProjectConfigurationPlatforms) = postSolution
		{47157E76-A31E-43F0-83FD-46630F50AA8D}.Debug|Any CPU.ActiveCfg = Debug|Any CPU
		{47157E76-A31E-43F0-83FD-46630F50AA8D}.Debug|Any CPU.Build.0 = Debug|Any CPU
		{47157E76-A31E-43F0-83FD-46630F50AA8D}.Release|Any CPU.ActiveCfg = Release|Any CPU
		{47157E76-A31E-43F0-83FD-46630F50AA8D}.Release|Any CPU.Build.0 = Release|Any CPU
	EndGlobalSection
	GlobalSection(SolutionProperties) = preSolution
		HideSolutionNode = FALSE
	EndGlobalSection
	GlobalSection(ExtensibilityGlobals) = postSolution
		SolutionGuid = {B373519C-3885-4F69-B745-FA5D0F7BEA13}
	EndGlobalSection
EndGlobal
